
Microsoft Visual Studio Solution File, Format Version 12.00
# Visual Studio 15
VisualStudioVersion = 15.0.28307.1062
MinimumVisualStudioVersion = 10.0.40219.1
Project("{FAE04EC0-301F-11D3-BF4B-00C04F79EFBC}") = "BeatSage-Downloader", "BeatSage-Downloader-WPF\BeatSage-Downloader.csproj", "{4BD59B5B-5AC8-4189-B437-327334CDFC18}"
EndProject
Global
	GlobalSection(SolutionConfigurationPlatforms) = preSolution
		Debug|Any CPU = Debug|Any CPU
		Release|Any CPU = Release|Any CPU
	EndGlobalSection
	GlobalSection(ProjectConfigurationPlatforms) = postSolution
		{4BD59B5B-5AC8-4189-B437-327334CDFC18}.Debug|Any CPU.ActiveCfg = Debug|Any CPU
		{4BD59B5B-5AC8-4189-B437-327334CDFC18}.Debug|Any CPU.Build.0 = Debug|Any CPU
		{4BD59B5B-5AC8-4189-B437-327334CDFC18}.Release|Any CPU.ActiveCfg = Release|Any CPU
		{4BD59B5B-5AC8-4189-B437-327334CDFC18}.Release|Any CPU.Build.0 = Release|Any CPU
	EndGlobalSection
	GlobalSection(SolutionProperties) = preSolution
		HideSolutionNode = FALSE
	EndGlobalSection
	GlobalSection(ExtensibilityGlobals) = postSolution
		SolutionGuid = {C2AC4C55-D24F-414D-9C69-EA7744B4388C}
	EndGlobalSection
EndGlobal
